// !$*UTF8*$!
{
	archiveVersion = 1;
	classes = {
	};
	objectVersion = 77;
	objects = {

/* Begin PBXContainerItemProxy section */
		572B323D2E7BEA3E00ADAA3A /* PBXContainerItemProxy */ = {
			isa = PBXContainerItemProxy;
			containerPortal = 572B32252E7BEA3700ADAA3A /* Project object */;
			proxyType = 1;
			remoteGlobalIDString = 572B322C2E7BEA3700ADAA3A;
			remoteInfo = SwiftDataTodoList;
		};
		572B32472E7BEA3E00ADAA3A /* PBXContainerItemProxy */ = {
			isa = PBXContainerItemProxy;
			containerPortal = 572B32252E7BEA3700ADAA3A /* Project object */;
			proxyType = 1;
			remoteGlobalIDString = 572B322C2E7BEA3700ADAA3A;
			remoteInfo = SwiftDataTodoList;
		};
/* End PBXContainerItemProxy section */

/* Begin PBXFileReference section */
		572B322D2E7BEA3700ADAA3A /* SwiftDataTodoList.app */ = {isa = PBXFileReference; explicitFileType = wrapper.application; includeInIndex = 0; path = SwiftDataTodoList.app; sourceTree = BUILT_PRODUCTS_DIR; };
		572B323C2E7BEA3E00ADAA3A /* SwiftDataTodoListTests.xctest */ = {isa = PBXFileReference; explicitFileType = wrapper.cfbundle; includeInIndex = 0; path = SwiftDataTodoListTests.xctest; sourceTree = BUILT_PRODUCTS_DIR; };
		572B32462E7BEA3E00ADAA3A /* SwiftDataTodoListUITests.xctest */ = {isa = PBXFileReference; explicitFileType = wrapper.cfbundle; includeInIndex = 0; path = SwiftDataTodoListUITests.xctest; sourceTree = BUILT_PRODUCTS_DIR; };
/* End PBXFileReference section */

/* Begin PBXFileSystemSynchronizedRootGroup section */
		572B322F2E7BEA3700ADAA3A /* SwiftDataTodoList */ = {
			isa = PBXFileSystemSynchronizedRootGroup;
			path = SwiftDataTodoList;
			sourceTree = "<group>";
		};
		572B323F2E7BEA3E00ADAA3A /* SwiftDataTodoListTests */ = {
			isa = PBXFileSystemSynchronizedRootGroup;
			path = SwiftDataTodoListTests;
			sourceTree = "<group>";
		};
		572B32492E7BEA3E00ADAA3A /* SwiftDataTodoListUITests */ = {
			isa = PBXFileSystemSynchronizedRootGroup;
			path = SwiftDataTodoListUITests;
			sourceTree = "<group>";
		};
/* End PBXFileSystemSynchronizedRootGroup section */

/* Begin PBXFrameworksBuildPhase section */
		572B322A2E7BEA3700ADAA3A /* Frameworks */ = {
			isa = PBXFrameworksBuildPhase;
			buildActionMask = 2147483647;
			files = (
			);
			runOnlyForDeploymentPostprocessing = 0;
		};
		572B32392E7BEA3E00ADAA3A /* Frameworks */ = {
			isa = PBXFrameworksBuildPhase;
			buildActionMask = 2147483647;
			files = (
			);
			runOnlyForDeploymentPostprocessing = 0;
		};
		572B32432E7BEA3E00ADAA3A /* Frameworks */ = {
			isa = PBXFrameworksBuildPhase;
			buildActionMask = 2147483647;
			files = (
			);
			runOnlyForDeploymentPostprocessing = 0;
		};
/* End PBXFrameworksBuildPhase section */

/* Begin PBXGroup section */
		572B32242E7BEA3700ADAA3A = {
			isa = PBXGroup;
			children = (
				572B322F2E7BEA3700ADAA3A /* SwiftDataTodoList */,
				572B323F2E7BEA3E00ADAA3A /* SwiftDataTodoListTests */,
				572B32492E7BEA3E00ADAA3A /* SwiftDataTodoListUITests */,
				572B322E2E7BEA3700ADAA3A /* Products */,
			);
			sourceTree = "<group>";
		};
		572B322E2E7BEA3700ADAA3A /* Products */ = {
			isa = PBXGroup;
			children = (
				572B322D2E7BEA3700ADAA3A /* SwiftDataTodoList.app */,
				572B323C2E7BEA3E00ADAA3A /* SwiftDataTodoListTests.xctest */,
				572B32462E7BEA3E00ADAA3A /* SwiftDataTodoListUITests.xctest */,
			);
			name = Products;
			sourceTree = "<group>";
		};
/* End PBXGroup section */

/* Begin PBXNativeTarget section */
		572B322C2E7BEA3700ADAA3A /* SwiftDataTodoList */ = {
			isa = PBXNativeTarget;
			buildConfigurationList = 572B32502E7BEA3E00ADAA3A /* Build configuration list for PBXNativeTarget "SwiftDataTodoList" */;
			buildPhases = (
				572B32292E7BEA3700ADAA3A /* Sources */,
				572B322A2E7BEA3700ADAA3A /* Frameworks */,
				572B322B2E7BEA3700ADAA3A /* Resources */,
			);
			buildRules = (
			);
			dependencies = (
			);
			fileSystemSynchronizedGroups = (
				572B322F2E7BEA3700ADAA3A /* SwiftDataTodoList */,
			);
			name = SwiftDataTodoList;
			packageProductDependencies = (
			);
			productName = SwiftDataTodoList;
			productReference = 572B322D2E7BEA3700ADAA3A /* SwiftDataTodoList.app */;
			productType = "com.apple.product-type.application";
		};
		572B323B2E7BEA3E00ADAA3A /* SwiftDataTodoListTests */ = {
			isa = PBXNativeTarget;
			buildConfigurationList = 572B32532E7BEA3E00ADAA3A /* Build configuration list for PBXNativeTarget "SwiftDataTodoListTests" */;
			buildPhases = (
				572B32382E7BEA3E00ADAA3A /* Sources */,
				572B32392E7BEA3E00ADAA3A /* Frameworks */,
				572B323A2E7BEA3E00ADAA3A /* Resources */,
			);
			buildRules = (
			);
			dependencies = (
				572B323E2E7BEA3E00ADAA3A /* PBXTargetDependency */,
			);
			fileSystemSynchronizedGroups = (
				572B323F2E7BEA3E00ADAA3A /* SwiftDataTodoListTests */,
			);
			name = SwiftDataTodoListTests;
			packageProductDependencies = (
			);
			productName = SwiftDataTodoListTests;
			productReference = 572B323C2E7BEA3E00ADAA3A /* SwiftDataTodoListTests.xctest */;
			productType = "com.apple.product-type.bundle.unit-test";
		};
		572B32452E7BEA3E00ADAA3A /* SwiftDataTodoListUITests */ = {
			isa = PBXNativeTarget;
			buildConfigurationList = 572B32562E7BEA3E00ADAA3A /* Build configuration list for PBXNativeTarget "SwiftDataTodoListUITests" */;
			buildPhases = (
				572B32422E7BEA3E00ADAA3A /* Sources */,
				572B32432E7BEA3E00ADAA3A /* Frameworks */,
				572B32442E7BEA3E00ADAA3A /* Resources */,
			);
			buildRules = (
			);
			dependencies = (
				572B32482E7BEA3E00ADAA3A /* PBXTargetDependency */,
			);
			fileSystemSynchronizedGroups = (
				572B32492E7BEA3E00ADAA3A /* SwiftDataTodoListUITests */,
			);
			name = SwiftDataTodoListUITests;
			packageProductDependencies = (
			);
			productName = SwiftDataTodoListUITests;
			productReference = 572B32462E7BEA3E00ADAA3A /* SwiftDataTodoListUITests.xctest */;
			productType = "com.apple.product-type.bundle.ui-testing";
		};
/* End PBXNativeTarget section */

/* Begin PBXProject section */
		572B32252E7BEA3700ADAA3A /* Project object */ = {
			isa = PBXProject;
			attributes = {
				BuildIndependentTargetsInParallel = 1;
				LastSwiftUpdateCheck = 2600;
				LastUpgradeCheck = 2600;
				TargetAttributes = {
					572B322C2E7BEA3700ADAA3A = {
						CreatedOnToolsVersion = 26.0;
					};
					572B323B2E7BEA3E00ADAA3A = {
						CreatedOnToolsVersion = 26.0;
						TestTargetID = 572B322C2E7BEA3700ADAA3A;
					};
					572B32452E7BEA3E00ADAA3A = {
						CreatedOnToolsVersion = 26.0;
						TestTargetID = 572B322C2E7BEA3700ADAA3A;
					};
				};
			};
			buildConfigurationList = 572B32282E7BEA3700ADAA3A /* Build configuration list for PBXProject "SwiftDataTodoList" */;
			developmentRegion = en;
			hasScannedForEncodings = 0;
			knownRegions = (
				en,
				Base,
			);
			mainGroup = 572B32242E7BEA3700ADAA3A;
			minimizedProjectReferenceProxies = 1;
			preferredProjectObjectVersion = 77;
			productRefGroup = 572B322E2E7BEA3700ADAA3A /* Products */;
			projectDirPath = "";
			projectRoot = "";
			targets = (
				572B322C2E7BEA3700ADAA3A /* SwiftDataTodoList */,
				572B323B2E7BEA3E00ADAA3A /* SwiftDataTodoListTests */,
				572B32452E7BEA3E00ADAA3A /* SwiftDataTodoListUITests */,
			);
		};
/* End PBXProject section */

/* Begin PBXResourcesBuildPhase section */
		572B322B2E7BEA3700ADAA3A /* Resources */ = {
			isa = PBXResourcesBuildPhase;
			buildActionMask = 2147483647;
			files = (
			);
			runOnlyForDeploymentPostprocessing = 0;
		};
		572B323A2E7BEA3E00ADAA3A /* Resources */ = {
			isa = PBXResourcesBuildPhase;
			buildActionMask = 2147483647;
			files = (
			);
			runOnlyForDeploymentPostprocessing = 0;
		};
		572B32442E7BEA3E00ADAA3A /* Resources */ = {
			isa = PBXResourcesBuildPhase;
			buildActionMask = 2147483647;
			files = (
			);
			runOnlyForDeploymentPostprocessing = 0;
		};
/* End PBXResourcesBuildPhase section */

/* Begin PBXSourcesBuildPhase section */
		572B32292E7BEA3700ADAA3A /* Sources */ = {
			isa = PBXSourcesBuildPhase;
			buildActionMask = 2147483647;
			files = (
			);
			runOnlyForDeploymentPostprocessing = 0;
		};
		572B32382E7BEA3E00ADAA3A /* Sources */ = {
			isa = PBXSourcesBuildPhase;
			buildActionMask = 2147483647;
			files = (
			);
			runOnlyForDeploymentPostprocessing = 0;
		};
		572B32422E7BEA3E00ADAA3A /* Sources */ = {
			isa = PBXSourcesBuildPhase;
			buildActionMask = 2147483647;
			files = (
			);
			runOnlyForDeploymentPostprocessing = 0;
		};
/* End PBXSourcesBuildPhase section */

/* Begin PBXTargetDependency section */
		572B323E2E7BEA3E00ADAA3A /* PBXTargetDependency */ = {
			isa = PBXTargetDependency;
			target = 572B322C2E7BEA3700ADAA3A /* SwiftDataTodoList */;
			targetProxy = 572B323D2E7BEA3E00ADAA3A /* PBXContainerItemProxy */;
		};
		572B32482E7BEA3E00ADAA3A /* PBXTargetDependency */ = {
			isa = PBXTargetDependency;
			target = 572B322C2E7BEA3700ADAA3A /* SwiftDataTodoList */;
			targetProxy = 572B32472E7BEA3E00ADAA3A /* PBXContainerItemProxy */;
		};
/* End PBXTargetDependency section */

/* Begin XCBuildConfiguration section */
		572B324E2E7BEA3E00ADAA3A /* Debug */ = {
			isa = XCBuildConfiguration;
			buildSettings = {
				ALWAYS_SEARCH_USER_PATHS = NO;
				ASSETCATALOG_COMPILER_GENERATE_SWIFT_ASSET_SYMBOL_EXTENSIONS = YES;
				CLANG_ANALYZER_NONNULL = YES;
				CLANG_ANALYZER_NUMBER_OBJECT_CONVERSION = YES_AGGRESSIVE;
				CLANG_CXX_LANGUAGE_STANDARD = "gnu++20";
				CLANG_ENABLE_MODULES = YES;
				CLANG_ENABLE_OBJC_ARC = YES;
				CLANG_ENABLE_OBJC_WEAK = YES;
				CLANG_WARN_BLOCK_CAPTURE_AUTORELEASING = YES;
				CLANG_WARN_BOOL_CONVERSION = YES;
				CLANG_WARN_COMMA = YES;
				CLANG_WARN_CONSTANT_CONVERSION = YES;
				CLANG_WARN_DEPRECATED_OBJC_IMPLEMENTATIONS = YES;
				CLANG_WARN_DIRECT_OBJC_ISA_USAGE = YES_ERROR;
				CLANG_WARN_DOCUMENTATION_COMMENTS = YES;
				CLANG_WARN_EMPTY_BODY = YES;
				CLANG_WARN_ENUM_CONVERSION = YES;
				CLANG_WARN_INFINITE_RECURSION = YES;
				CLANG_WARN_INT_CONVERSION = YES;
				CLANG_WARN_NON_LITERAL_NULL_CONVERSION = YES;
				CLANG_WARN_OBJC_IMPLICIT_RETAIN_SELF = YES;
				CLANG_WARN_OBJC_LITERAL_CONVERSION = YES;
				CLANG_WARN_OBJC_ROOT_CLASS = YES_ERROR;
				CLANG_WARN_QUOTED_INCLUDE_IN_FRAMEWORK_HEADER = YES;
				CLANG_WARN_RANGE_LOOP_ANALYSIS = YES;
				CLANG_WARN_STRICT_PROTOTYPES = YES;
				CLANG_WARN_SUSPICIOUS_MOVE = YES;
				CLANG_WARN_UNGUARDED_AVAILABILITY = YES_AGGRESSIVE;
				CLANG_WARN_UNREACHABLE_CODE = YES;
				CLANG_WARN__DUPLICATE_METHOD_MATCH = YES;
				COPY_PHASE_STRIP = NO;
				DEBUG_INFORMATION_FORMAT = dwarf;
				DEVELOPMENT_TEAM = SSV47HN379;
				ENABLE_STRICT_OBJC_MSGSEND = YES;
				ENABLE_TESTABILITY = YES;
				ENABLE_USER_SCRIPT_SANDBOXING = YES;
				GCC_C_LANGUAGE_STANDARD = gnu17;
				GCC_DYNAMIC_NO_PIC = NO;
				GCC_NO_COMMON_BLOCKS = YES;
				GCC_OPTIMIZATION_LEVEL = 0;
				GCC_PREPROCESSOR_DEFINITIONS = (
					"DEBUG=1",
					"$(inherited)",
				);
				GCC_WARN_64_TO_32_BIT_CONVERSION = YES;
				GCC_WARN_ABOUT_RETURN_TYPE = YES_ERROR;
				GCC_WARN_UNDECLARED_SELECTOR = YES;
				GCC_WARN_UNINITIALIZED_AUTOS = YES_AGGRESSIVE;
				GCC_WARN_UNUSED_FUNCTION = YES;
				GCC_WARN_UNUSED_VARIABLE = YES;
				IPHONEOS_DEPLOYMENT_TARGET = 26.0;
				LOCALIZATION_PREFERS_STRING_CATALOGS = YES;
				MTL_ENABLE_DEBUG_INFO = INCLUDE_SOURCE;
				MTL_FAST_MATH = YES;
				ONLY_ACTIVE_ARCH = YES;
				SDKROOT = iphoneos;
				SWIFT_ACTIVE_COMPILATION_CONDITIONS = "DEBUG $(inherited)";
				SWIFT_OPTIMIZATION_LEVEL = "-Onone";
			};
			name = Debug;
		};
		572B324F2E7BEA3E00ADAA3A /* Release */ = {
			isa = XCBuildConfiguration;
			buildSettings = {
				ALWAYS_SEARCH_USER_PATHS = NO;
				ASSETCATALOG_COMPILER_GENERATE_SWIFT_ASSET_SYMBOL_EXTENSIONS = YES;
				CLANG_ANALYZER_NONNULL = YES;
				CLANG_ANALYZER_NUMBER_OBJECT_CONVERSION = YES_AGGRESSIVE;
				CLANG_CXX_LANGUAGE_STANDARD = "gnu++20";
				CLANG_ENABLE_MODULES = YES;
				CLANG_ENABLE_OBJC_ARC = YES;
				CLANG_ENABLE_OBJC_WEAK = YES;
				CLANG_WARN_BLOCK_CAPTURE_AUTORELEASING = YES;
				CLANG_WARN_BOOL_CONVERSION = YES;
				CLANG_WARN_COMMA = YES;
				CLANG_WARN_CONSTANT_CONVERSION = YES;
				CLANG_WARN_DEPRECATED_OBJC_IMPLEMENTATIONS = YES;
				CLANG_WARN_DIRECT_OBJC_ISA_USAGE = YES_ERROR;
				CLANG_WARN_DOCUMENTATION_COMMENTS = YES;
				CLANG_WARN_EMPTY_BODY = YES;
				CLANG_WARN_ENUM_CONVERSION = YES;
				CLANG_WARN_INFINITE_RECURSION = YES;
				CLANG_WARN_INT_CONVERSION = YES;
				CLANG_WARN_NON_LITERAL_NULL_CONVERSION = YES;
				CLANG_WARN_OBJC_IMPLICIT_RETAIN_SELF = YES;
				CLANG_WARN_OBJC_LITERAL_CONVERSION = YES;
				CLANG_WARN_OBJC_ROOT_CLASS = YES_ERROR;
				CLANG_WARN_QUOTED_INCLUDE_IN_FRAMEWORK_HEADER = YES;
				CLANG_WARN_RANGE_LOOP_ANALYSIS = YES;
				CLANG_WARN_STRICT_PROTOTYPES = YES;
				CLANG_WARN_SUSPICIOUS_MOVE = YES;
				CLANG_WARN_UNGUARDED_AVAILABILITY = YES_AGGRESSIVE;
				CLANG_WARN_UNREACHABLE_CODE = YES;
				CLANG_WARN__DUPLICATE_METHOD_MATCH = YES;
				COPY_PHASE_STRIP = NO;
				DEBUG_INFORMATION_FORMAT = "dwarf-with-dsym";
				DEVELOPMENT_TEAM = SSV47HN379;
				ENABLE_NS_ASSERTIONS = NO;
				ENABLE_STRICT_OBJC_MSGSEND = YES;
				ENABLE_USER_SCRIPT_SANDBOXING = YES;
				GCC_C_LANGUAGE_STANDARD = gnu17;
				GCC_NO_COMMON_BLOCKS = YES;
				GCC_WARN_64_TO_32_BIT_CONVERSION = YES;
				GCC_WARN_ABOUT_RETURN_TYPE = YES_ERROR;
				GCC_WARN_UNDECLARED_SELECTOR = YES;
				GCC_WARN_UNINITIALIZED_AUTOS = YES_AGGRESSIVE;
				GCC_WARN_UNUSED_FUNCTION = YES;
				GCC_WARN_UNUSED_VARIABLE = YES;
				IPHONEOS_DEPLOYMENT_TARGET = 26.0;
				LOCALIZATION_PREFERS_STRING_CATALOGS = YES;
				MTL_ENABLE_DEBUG_INFO = NO;
				MTL_FAST_MATH = YES;
				SDKROOT = iphoneos;
				SWIFT_COMPILATION_MODE = wholemodule;
				VALIDATE_PRODUCT = YES;
			};
			name = Release;
		};
		572B32512E7BEA3E00ADAA3A /* Debug */ = {
			isa = XCBuildConfiguration;
			buildSettings = {
				ASSETCATALOG_COMPILER_APPICON_NAME = AppIcon;
				ASSETCATALOG_COMPILER_GLOBAL_ACCENT_COLOR_NAME = AccentColor;
				CODE_SIGN_STYLE = Automatic;
				CURRENT_PROJECT_VERSION = 1;
				DEVELOPMENT_TEAM = SSV47HN379;
				ENABLE_PREVIEWS = YES;
				GENERATE_INFOPLIST_FILE = YES;
				INFOPLIST_KEY_UIApplicationSceneManifest_Generation = YES;
				INFOPLIST_KEY_UIApplicationSupportsIndirectInputEvents = YES;
				INFOPLIST_KEY_UILaunchScreen_Generation = YES;
				INFOPLIST_KEY_UISupportedInterfaceOrientations_iPad = "UIInterfaceOrientationPortrait UIInterfaceOrientationPortraitUpsideDown UIInterfaceOrientationLandscapeLeft UIInterfaceOrientationLandscapeRight";
				INFOPLIST_KEY_UISupportedInterfaceOrientations_iPhone = "UIInterfaceOrientationPortrait UIInterfaceOrientationLandscapeLeft UIInterfaceOrientationLandscapeRight";
				LD_RUNPATH_SEARCH_PATHS = (
					"$(inherited)",
					"@executable_path/Frameworks",
				);
				MARKETING_VERSION = 1.0;
				PRODUCT_BUNDLE_IDENTIFIER = com.bytepulse.SwiftDataTodoList;
				PRODUCT_NAME = "$(TARGET_NAME)";
				STRING_CATALOG_GENERATE_SYMBOLS = YES;
				SWIFT_APPROACHABLE_CONCURRENCY = YES;
				SWIFT_DEFAULT_ACTOR_ISOLATION = MainActor;
				SWIFT_EMIT_LOC_STRINGS = YES;
				SWIFT_UPCOMING_FEATURE_MEMBER_IMPORT_VISIBILITY = YES;
				SWIFT_VERSION = 5.0;
				TARGETED_DEVICE_FAMILY = "1,2";
			};
			name = Debug;
		};
		572B32522E7BEA3E00ADAA3A /* Release */ = {
			isa = XCBuildConfiguration;
			buildSettings = {
				ASSETCATALOG_COMPILER_APPICON_NAME = AppIcon;
				ASSETCATALOG_COMPILER_GLOBAL_ACCENT_COLOR_NAME = AccentColor;
				CODE_SIGN_STYLE = Automatic;
				CURRENT_PROJECT_VERSION = 1;
				DEVELOPMENT_TEAM = SSV47HN379;
				ENABLE_PREVIEWS = YES;
				GENERATE_INFOPLIST_FILE = YES;
				INFOPLIST_KEY_UIApplicationSceneManifest_Generation = YES;
				INFOPLIST_KEY_UIApplicationSupportsIndirectInputEvents = YES;
				INFOPLIST_KEY_UILaunchScreen_Generation = YES;
				INFOPLIST_KEY_UISupportedInterfaceOrientations_iPad = "UIInterfaceOrientationPortrait UIInterfaceOrientationPortraitUpsideDown UIInterfaceOrientationLandscapeLeft UIInterfaceOrientationLandscapeRight";
				INFOPLIST_KEY_UISupportedInterfaceOrientations_iPhone = "UIInterfaceOrientationPortrait UIInterfaceOrientationLandscapeLeft UIInterfaceOrientationLandscapeRight";
				LD_RUNPATH_SEARCH_PATHS = (
					"$(inherited)",
					"@executable_path/Frameworks",
				);
				MARKETING_VERSION = 1.0;
				PRODUCT_BUNDLE_IDENTIFIER = com.bytepulse.SwiftDataTodoList;
				PRODUCT_NAME = "$(TARGET_NAME)";
				STRING_CATALOG_GENERATE_SYMBOLS = YES;
				SWIFT_APPROACHABLE_CONCURRENCY = YES;
				SWIFT_DEFAULT_ACTOR_ISOLATION = MainActor;
				SWIFT_EMIT_LOC_STRINGS = YES;
				SWIFT_UPCOMING_FEATURE_MEMBER_IMPORT_VISIBILITY = YES;
				SWIFT_VERSION = 5.0;
				TARGETED_DEVICE_FAMILY = "1,2";
			};
			name = Release;
		};
		572B32542E7BEA3E00ADAA3A /* Debug */ = {
			isa = XCBuildConfiguration;
			buildSettings = {
				BUNDLE_LOADER = "$(TEST_HOST)";
				CODE_SIGN_STYLE = Automatic;
				CURRENT_PROJECT_VERSION = 1;
				DEVELOPMENT_TEAM = SSV47HN379;
				GENERATE_INFOPLIST_FILE = YES;
				IPHONEOS_DEPLOYMENT_TARGET = 26.0;
				MARKETING_VERSION = 1.0;
				PRODUCT_BUNDLE_IDENTIFIER = com.bytepulse.SwiftDataTodoListTests;
				PRODUCT_NAME = "$(TARGET_NAME)";
				STRING_CATALOG_GENERATE_SYMBOLS = NO;
				SWIFT_APPROACHABLE_CONCURRENCY = YES;
				SWIFT_EMIT_LOC_STRINGS = NO;
				SWIFT_UPCOMING_FEATURE_MEMBER_IMPORT_VISIBILITY = YES;
				SWIFT_VERSION = 5.0;
				TARGETED_DEVICE_FAMILY = "1,2";
				TEST_HOST = "$(BUILT_PRODUCTS_DIR)/SwiftDataTodoList.app/$(BUNDLE_EXECUTABLE_FOLDER_PATH)/SwiftDataTodoList";
			};
			name = Debug;
		};
		572B32552E7BEA3E00ADAA3A /* Release */ = {
			isa = XCBuildConfiguration;
			buildSettings = {
				BUNDLE_LOADER = "$(TEST_HOST)";
				CODE_SIGN_STYLE = Automatic;
				CURRENT_PROJECT_VERSION = 1;
				DEVELOPMENT_TEAM = SSV47HN379;
				GENERATE_INFOPLIST_FILE = YES;
				IPHONEOS_DEPLOYMENT_TARGET = 26.0;
				MARKETING_VERSION = 1.0;
				PRODUCT_BUNDLE_IDENTIFIER = com.bytepulse.SwiftDataTodoListTests;
				PRODUCT_NAME = "$(TARGET_NAME)";
				STRING_CATALOG_GENERATE_SYMBOLS = NO;
				SWIFT_APPROACHABLE_CONCURRENCY = YES;
				SWIFT_EMIT_LOC_STRINGS = NO;
				SWIFT_UPCOMING_FEATURE_MEMBER_IMPORT_VISIBILITY = YES;
				SWIFT_VERSION = 5.0;
				TARGETED_DEVICE_FAMILY = "1,2";
				TEST_HOST = "$(BUILT_PRODUCTS_DIR)/SwiftDataTodoList.app/$(BUNDLE_EXECUTABLE_FOLDER_PATH)/SwiftDataTodoList";
			};
			name = Release;
		};
		572B32572E7BEA3E00ADAA3A /* Debug */ = {
			isa = XCBuildConfiguration;
			buildSettings = {
				CODE_SIGN_STYLE = Automatic;
				CURRENT_PROJECT_VERSION = 1;
				DEVELOPMENT_TEAM = SSV47HN379;
				GENERATE_INFOPLIST_FILE = YES;
				MARKETING_VERSION = 1.0;
				PRODUCT_BUNDLE_IDENTIFIER = com.bytepulse.SwiftDataTodoListUITests;
				PRODUCT_NAME = "$(TARGET_NAME)";
				STRING_CATALOG_GENERATE_SYMBOLS = NO;
				SWIFT_APPROACHABLE_CONCURRENCY = YES;
				SWIFT_EMIT_LOC_STRINGS = NO;
				SWIFT_UPCOMING_FEATURE_MEMBER_IMPORT_VISIBILITY = YES;
				SWIFT_VERSION = 5.0;
				TARGETED_DEVICE_FAMILY = "1,2";
				TEST_TARGET_NAME = SwiftDataTodoList;
			};
			name = Debug;
		};
		572B32582E7BEA3E00ADAA3A /* Release */ = {
			isa = XCBuildConfiguration;
			buildSettings = {
				CODE_SIGN_STYLE = Automatic;
				CURRENT_PROJECT_VERSION = 1;
				DEVELOPMENT_TEAM = SSV47HN379;
				GENERATE_INFOPLIST_FILE = YES;
				MARKETING_VERSION = 1.0;
				PRODUCT_BUNDLE_IDENTIFIER = com.bytepulse.SwiftDataTodoListUITests;
				PRODUCT_NAME = "$(TARGET_NAME)";
				STRING_CATALOG_GENERATE_SYMBOLS = NO;
				SWIFT_APPROACHABLE_CONCURRENCY = YES;
				SWIFT_EMIT_LOC_STRINGS = NO;
				SWIFT_UPCOMING_FEATURE_MEMBER_IMPORT_VISIBILITY = YES;
				SWIFT_VERSION = 5.0;
				TARGETED_DEVICE_FAMILY = "1,2";
				TEST_TARGET_NAME = SwiftDataTodoList;
			};
			name = Release;
		};
/* End XCBuildConfiguration section */

/* Begin XCConfigurationList section */
		572B32282E7BEA3700ADAA3A /* Build configuration list for PBXProject "SwiftDataTodoList" */ = {
			isa = XCConfigurationList;
			buildConfigurations = (
				572B324E2E7BEA3E00ADAA3A /* Debug */,
				572B324F2E7BEA3E00ADAA3A /* Release */,
			);
			defaultConfigurationIsVisible = 0;
			defaultConfigurationName = Release;
		};
		572B32502E7BEA3E00ADAA3A /* Build configuration list for PBXNativeTarget "SwiftDataTodoList" */ = {
			isa = XCConfigurationList;
			buildConfigurations = (
				572B32512E7BEA3E00ADAA3A /* Debug */,
				572B32522E7BEA3E00ADAA3A /* Release */,
			);
			defaultConfigurationIsVisible = 0;
			defaultConfigurationName = Release;
		};
		572B32532E7BEA3E00ADAA3A /* Build configuration list for PBXNativeTarget "SwiftDataTodoListTests" */ = {
			isa = XCConfigurationList;
			buildConfigurations = (
				572B32542E7BEA3E00ADAA3A /* Debug */,
				572B32552E7BEA3E00ADAA3A /* Release */,
			);
			defaultConfigurationIsVisible = 0;
			defaultConfigurationName = Release;
		};
		572B32562E7BEA3E00ADAA3A /* Build configuration list for PBXNativeTarget "SwiftDataTodoListUITests" */ = {
			isa = XCConfigurationList;
			buildConfigurations = (
				572B32572E7BEA3E00ADAA3A /* Debug */,
				572B32582E7BEA3E00ADAA3A /* Release */,
			);
			defaultConfigurationIsVisible = 0;
			defaultConfigurationName = Release;
		};
/* End XCConfigurationList section */
	};
	rootObject = 572B32252E7BEA3700ADAA3A /* Project object */;
}
